
Microsoft Visual Studio Solution File, Format Version 12.00
# Visual Studio Version 16
VisualStudioVersion = 16.0.31424.327
MinimumVisualStudioVersion = 10.0.40219.1
Project("{FAE04EC0-301F-11D3-BF4B-00C04F79EFBC}") = "part8_codecademy", "part8_codecademy\part8_codecademy.csproj", "{4D4E26C3-9B13-4F13-B978-00D38BCB40D4}"
EndProject
Global
	GlobalSection(SolutionConfigurationPlatforms) = preSolution
		Debug|Any CPU = Debug|Any CPU
		Release|Any CPU = Release|Any CPU
	EndGlobalSection
	GlobalSection(ProjectConfigurationPlatforms) = postSolution
		{4D4E26C3-9B13-4F13-B978-00D38BCB40D4}.Debug|Any CPU.ActiveCfg = Debug|Any CPU
		{4D4E26C3-9B13-4F13-B978-00D38BCB40D4}.Debug|Any CPU.Build.0 = Debug|Any CPU
		{4D4E26C3-9B13-4F13-B978-00D38BCB40D4}.Release|Any CPU.ActiveCfg = Release|Any CPU
		{4D4E26C3-9B13-4F13-B978-00D38BCB40D4}.Release|Any CPU.Build.0 = Release|Any CPU
	EndGlobalSection
	GlobalSection(SolutionProperties) = preSolution
		HideSolutionNode = FALSE
	EndGlobalSection
	GlobalSection(ExtensibilityGlobals) = postSolution
		SolutionGuid = {43C1884A-CD92-4788-8B8E-9BEC2BAF8F25}
	EndGlobalSection
EndGlobal
